
Microsoft Visual Studio Solution File, Format Version 12.00
# Visual Studio Version 16
VisualStudioVersion = 16.0.32929.386
MinimumVisualStudioVersion = 10.0.40219.1
Project("{FAE04EC0-301F-11D3-BF4B-00C04F79EFBC}") = "ProjectComplaint", "ProjectComplaint\ProjectComplaint.csproj", "{D73CC2C1-955A-4524-80AC-55824A9CF92E}"
EndProject
Global
	GlobalSection(SolutionConfigurationPlatforms) = preSolution
		Debug|Any CPU = Debug|Any CPU
		Release|Any CPU = Release|Any CPU
	EndGlobalSection
	GlobalSection(ProjectConfigurationPlatforms) = postSolution
		{D73CC2C1-955A-4524-80AC-55824A9CF92E}.Debug|Any CPU.ActiveCfg = Debug|Any CPU
		{D73CC2C1-955A-4524-80AC-55824A9CF92E}.Debug|Any CPU.Build.0 = Debug|Any CPU
		{D73CC2C1-955A-4524-80AC-55824A9CF92E}.Release|Any CPU.ActiveCfg = Release|Any CPU
		{D73CC2C1-955A-4524-80AC-55824A9CF92E}.Release|Any CPU.Build.0 = Release|Any CPU
	EndGlobalSection
	GlobalSection(SolutionProperties) = preSolution
		HideSolutionNode = FALSE
	EndGlobalSection
	GlobalSection(ExtensibilityGlobals) = postSolution
		SolutionGuid = {2E63E778-7416-4DD3-801D-9EAD48330C39}
	EndGlobalSection
EndGlobal
